{
    "version": 3,
    "terraform_version": "0.11.15",
    "serial": 3,
    "lineage": "1f6fe08f-cc9f-bb56-4939-2cceb7e2bbc7",
    "modules": [
        {
            "path": [
                "root"
            ],
            "outputs": {},
            "resources": {
                "kubernetes_horizontal_pod_autoscaler.example": {
                    "type": "kubernetes_horizontal_pod_autoscaler",
                    "depends_on": [],
                    "primary": {
                        "id": "default/terraform-example",
                        "attributes": {
                            "id": "default/terraform-example",
                            "metadata.#": "1",
                            "metadata.0.annotations.%": "0",
                            "metadata.0.generate_name": "",
                            "metadata.0.generation": "0",
                            "metadata.0.labels.%": "0",
                            "metadata.0.name": "terraform-example",
                            "metadata.0.namespace": "default",
                            "metadata.0.resource_version": "109645",
                            "metadata.0.self_link": "/apis/autoscaling/v1/namespaces/default/horizontalpodautoscalers/terraform-example",
                            "metadata.0.uid": "804641ed-8d3b-4b6f-9ce5-a9ce08b79267",
                            "spec.#": "1",
                            "spec.0.max_replicas": "10",
                            "spec.0.metric.#": "0",
                            "spec.0.min_replicas": "8",
                            "spec.0.scale_target_ref.#": "1",
                            "spec.0.scale_target_ref.0.api_version": "",
                            "spec.0.scale_target_ref.0.kind": "Deployment",
                            "spec.0.scale_target_ref.0.name": "MyApp",
                            "spec.0.target_cpu_utilization_percentage": "80"
                        },
                        "meta": {},
                        "tainted": false
                    },
                    "deposed": [],
                    "provider": "provider.kubernetes"
                },
                "kubernetes_pod.nginx": {
                    "type": "kubernetes_pod",
                    "depends_on": [],
                    "primary": {
                        "id": "default/nginx-example",
                        "attributes": {
                            "id": "default/nginx-example",
                            "metadata.#": "1",
                            "metadata.0.annotations.%": "0",
                            "metadata.0.generate_name": "",
                            "metadata.0.generation": "0",
                            "metadata.0.labels.%": "1",
                            "metadata.0.labels.App": "nginx",
                            "metadata.0.name": "nginx-example",
                            "metadata.0.namespace": "default",
                            "metadata.0.resource_version": "109629",
                            "metadata.0.self_link": "/api/v1/namespaces/default/pods/nginx-example",
                            "metadata.0.uid": "0f6e5952-f448-4e66-8e7d-9a2a25de6113",
                            "spec.#": "1",
                            "spec.0.active_deadline_seconds": "0",
                            "spec.0.affinity.#": "0",
                            "spec.0.automount_service_account_token": "false",
                            "spec.0.container.#": "1",
                            "spec.0.container.0.args.#": "0",
                            "spec.0.container.0.command.#": "0",
                            "spec.0.container.0.env.#": "0",
                            "spec.0.container.0.env_from.#": "0",
                            "spec.0.container.0.image": "nginx:1.7.8",
                            "spec.0.container.0.image_pull_policy": "IfNotPresent",
                            "spec.0.container.0.lifecycle.#": "0",
                            "spec.0.container.0.liveness_probe.#": "0",
                            "spec.0.container.0.name": "example",
                            "spec.0.container.0.port.#": "1",
                            "spec.0.container.0.port.0.container_port": "80",
                            "spec.0.container.0.port.0.host_ip": "",
                            "spec.0.container.0.port.0.host_port": "0",
                            "spec.0.container.0.port.0.name": "",
                            "spec.0.container.0.port.0.protocol": "TCP",
                            "spec.0.container.0.readiness_probe.#": "0",
                            "spec.0.container.0.resources.#": "1",
                            "spec.0.container.0.security_context.#": "0",
                            "spec.0.container.0.startup_probe.#": "0",
                            "spec.0.container.0.stdin": "false",
                            "spec.0.container.0.stdin_once": "false",
                            "spec.0.container.0.termination_message_path": "/dev/termination-log",
                            "spec.0.container.0.tty": "false",
                            "spec.0.container.0.volume_mount.#": "0",
                            "spec.0.container.0.working_dir": "",
                            "spec.0.dns_config.#": "0",
                            "spec.0.dns_policy": "ClusterFirst",
                            "spec.0.host_aliases.#": "0",
                            "spec.0.host_ipc": "false",
                            "spec.0.host_network": "false",
                            "spec.0.host_pid": "false",
                            "spec.0.hostname": "",
                            "spec.0.image_pull_secrets.#": "0",
                            "spec.0.init_container.#": "0",
                            "spec.0.node_name": "minikube",
                            "spec.0.node_selector.%": "0",
                            "spec.0.priority_class_name": "",
                            "spec.0.restart_policy": "Always",
                            "spec.0.security_context.#": "0",
                            "spec.0.service_account_name": "default",
                            "spec.0.share_process_namespace": "false",
                            "spec.0.subdomain": "",
                            "spec.0.termination_grace_period_seconds": "30",
                            "spec.0.toleration.#": "0",
                            "spec.0.volume.#": "0"
                        },
                        "meta": {
                            "e2bfb730-ecaa-11e6-8f88-34363bc7c4c0": {
                                "create": 300000000000,
                                "delete": 300000000000
                            }
                        },
                        "tainted": false
                    },
                    "deposed": [],
                    "provider": "provider.kubernetes"
                },
                "kubernetes_service.nginx": {
                    "type": "kubernetes_service",
                    "depends_on": [
                        "kubernetes_pod.nginx"
                    ],
                    "primary": {
                        "id": "default/nginx-example",
                        "attributes": {
                            "id": "default/nginx-example",
                            "load_balancer_ingress.#": "0",
                            "metadata.#": "1",
                            "metadata.0.annotations.%": "0",
                            "metadata.0.generate_name": "",
                            "metadata.0.generation": "0",
                            "metadata.0.labels.%": "0",
                            "metadata.0.name": "nginx-example",
                            "metadata.0.namespace": "default",
                            "metadata.0.resource_version": "109639",
                            "metadata.0.self_link": "/api/v1/namespaces/default/services/nginx-example",
                            "metadata.0.uid": "8b314f2d-cdc6-40f3-93b0-315572c217b2",
                            "spec.#": "1",
                            "spec.0.cluster_ip": "10.110.226.32",
                            "spec.0.external_ips.#": "0",
                            "spec.0.external_name": "",
                            "spec.0.external_traffic_policy": "Cluster",
                            "spec.0.load_balancer_ip": "",
                            "spec.0.load_balancer_source_ranges.#": "0",
                            "spec.0.port.#": "1",
                            "spec.0.port.0.name": "",
                            "spec.0.port.0.node_port": "30083",
                            "spec.0.port.0.port": "80",
                            "spec.0.port.0.protocol": "TCP",
                            "spec.0.port.0.target_port": "80",
                            "spec.0.publish_not_ready_addresses": "false",
                            "spec.0.selector.%": "1",
                            "spec.0.selector.App": "nginx",
                            "spec.0.session_affinity": "None",
                            "spec.0.type": "LoadBalancer"
                        },
                        "meta": {
                            "e2bfb730-ecaa-11e6-8f88-34363bc7c4c0": {
                                "create": 600000000000
                            }
                        },
                        "tainted": false
                    },
                    "deposed": [],
                    "provider": "provider.kubernetes"
                }
            },
            "depends_on": []
        }
    ]
}
