{
    "version": 3,
    "terraform_version": "0.11.15",
    "serial": 4,
    "lineage": "0a7e21c1-d1fe-bd46-d3d9-70fbbb52a016",
    "modules": [
        {
            "path": [
                "root"
            ],
            "outputs": {
                "arn": {
                    "sensitive": false,
                    "type": "string",
                    "value": "arn:aws:s3:::shivatestbuckets3"
                }
            },
            "resources": {
                "aws_s3_bucket.test_log_bucket": {
                    "type": "aws_s3_bucket",
                    "depends_on": [],
                    "primary": {
                        "id": "my-tf-log-bucket-shiva-test",
                        "attributes": {
                            "acceleration_status": "",
                            "acl": "log-delivery-write",
                            "arn": "arn:aws:s3:::my-tf-log-bucket-shiva-test",
                            "bucket": "my-tf-log-bucket-shiva-test",
                            "bucket_domain_name": "my-tf-log-bucket-shiva-test.s3.amazonaws.com",
                            "bucket_regional_domain_name": "my-tf-log-bucket-shiva-test.s3.us-west-2.amazonaws.com",
                            "cors_rule.#": "0",
                            "force_destroy": "false",
                            "grant.#": "0",
                            "hosted_zone_id": "Z3BJ6K6RIION7M",
                            "id": "my-tf-log-bucket-shiva-test",
                            "lifecycle_rule.#": "0",
                            "logging.#": "0",
                            "object_lock_configuration.#": "0",
                            "region": "us-west-2",
                            "replication_configuration.#": "0",
                            "request_payer": "BucketOwner",
                            "server_side_encryption_configuration.#": "0",
                            "tags.%": "0",
                            "versioning.#": "1",
                            "versioning.0.enabled": "false",
                            "versioning.0.mfa_delete": "false",
                            "website.#": "0"
                        },
                        "meta": {},
                        "tainted": false
                    },
                    "deposed": [],
                    "provider": "provider.aws"
                }
            },
            "depends_on": []
        }
    ]
}
